
Microsoft Visual Studio Solution File, Format Version 12.00
# Visual Studio Version 16
VisualStudioVersion = 16.0.30204.135
MinimumVisualStudioVersion = 10.0.40219.1
Project("{D954291E-2A0B-460D-934E-DC6B0785DB48}") = "TestAppUno.Shared", "TestAppUno\TestAppUno.Shared\TestAppUno.Shared.shproj", "{6279C845-92F8-4333-AB99-3D213163593C}"
EndProject
Project("{FAE04EC0-301F-11D3-BF4B-00C04F79EFBC}") = "TestAppUno.Droid", "TestAppUno\TestAppUno.Droid\TestAppUno.Droid.csproj", "{2BD47848-5F6B-438E-B9B6-D779F9FF652F}"
EndProject
Project("{FAE04EC0-301F-11D3-BF4B-00C04F79EFBC}") = "TestAppUno.iOS", "TestAppUno\TestAppUno.iOS\TestAppUno.iOS.csproj", "{7FE15785-5086-454C-8284-B4F9E3DAA5AC}"
EndProject
Project("{FAE04EC0-301F-11D3-BF4B-00C04F79EFBC}") = "TestAppUno.UWP", "TestAppUno\TestAppUno.UWP\TestAppUno.UWP.csproj", "{F09F1603-5FA8-4903-986E-B5F03ECF8544}"
EndProject
Project("{FAE04EC0-301F-11D3-BF4B-00C04F79EFBC}") = "TestAppUno.Wasm", "TestAppUno\TestAppUno.Wasm\TestAppUno.Wasm.csproj", "{A091CAEA-A2EC-4AC1-866F-43A5D819C471}"
EndProject
Project("{FAE04EC0-301F-11D3-BF4B-00C04F79EFBC}") = "TestAppUno.macOS", "TestAppUno\TestAppUno.macOS\TestAppUno.macOS.csproj", "{CC5D6800-C509-4EFB-B1A4-83D296FCCDA4}"
EndProject
Global
	GlobalSection(SharedMSBuildProjectFiles) = preSolution
		TestAppUno\TestAppUno.Shared\TestAppUno.Shared.projitems*{2bd47848-5f6b-438e-b9b6-d779f9ff652f}*SharedItemsImports = 4
		TestAppUno\TestAppUno.Shared\TestAppUno.Shared.projitems*{6279c845-92f8-4333-ab99-3d213163593c}*SharedItemsImports = 13
		TestAppUno\TestAppUno.Shared\TestAppUno.Shared.projitems*{7fe15785-5086-454c-8284-b4f9e3daa5ac}*SharedItemsImports = 4
		TestAppUno\TestAppUno.Shared\TestAppUno.Shared.projitems*{a091caea-a2ec-4ac1-866f-43a5d819c471}*SharedItemsImports = 5
		TestAppUno\TestAppUno.Shared\TestAppUno.Shared.projitems*{cc5d6800-c509-4efb-b1a4-83d296fccda4}*SharedItemsImports = 4
		TestAppUno\TestAppUno.Shared\TestAppUno.Shared.projitems*{f09f1603-5fa8-4903-986e-b5f03ecf8544}*SharedItemsImports = 4
	EndGlobalSection
	GlobalSection(SolutionConfigurationPlatforms) = preSolution
		Ad-Hoc|Any CPU = Ad-Hoc|Any CPU
		Ad-Hoc|ARM = Ad-Hoc|ARM
		Ad-Hoc|ARM64 = Ad-Hoc|ARM64
		Ad-Hoc|iPhone = Ad-Hoc|iPhone
		Ad-Hoc|iPhoneSimulator = Ad-Hoc|iPhoneSimulator
		Ad-Hoc|x64 = Ad-Hoc|x64
		Ad-Hoc|x86 = Ad-Hoc|x86
		AppStore|Any CPU = AppStore|Any CPU
		AppStore|ARM = AppStore|ARM
		AppStore|ARM64 = AppStore|ARM64
		AppStore|iPhone = AppStore|iPhone
		AppStore|iPhoneSimulator = AppStore|iPhoneSimulator
		AppStore|x64 = AppStore|x64
		AppStore|x86 = AppStore|x86
		Debug|Any CPU = Debug|Any CPU
		Debug|ARM = Debug|ARM
		Debug|ARM64 = Debug|ARM64
		Debug|iPhone = Debug|iPhone
		Debug|iPhoneSimulator = Debug|iPhoneSimulator
		Debug|x64 = Debug|x64
		Debug|x86 = Debug|x86
		Release|Any CPU = Release|Any CPU
		Release|ARM = Release|ARM
		Release|ARM64 = Release|ARM64
		Release|iPhone = Release|iPhone
		Release|iPhoneSimulator = Release|iPhoneSimulator
		Release|x64 = Release|x64
		Release|x86 = Release|x86
	EndGlobalSection
	GlobalSection(ProjectConfigurationPlatforms) = postSolution
		{2BD47848-5F6B-438E-B9B6-D779F9FF652F}.Ad-Hoc|Any CPU.ActiveCfg = Release|Any CPU
		{2BD47848-5F6B-438E-B9B6-D779F9FF652F}.Ad-Hoc|Any CPU.Build.0 = Release|Any CPU
		{2BD47848-5F6B-438E-B9B6-D779F9FF652F}.Ad-Hoc|Any CPU.Deploy.0 = Release|Any CPU
		{2BD47848-5F6B-438E-B9B6-D779F9FF652F}.Ad-Hoc|ARM.ActiveCfg = Release|Any CPU
		{2BD47848-5F6B-438E-B9B6-D779F9FF652F}.Ad-Hoc|ARM.Build.0 = Release|Any CPU
		{2BD47848-5F6B-438E-B9B6-D779F9FF652F}.Ad-Hoc|ARM.Deploy.0 = Release|Any CPU
		{2BD47848-5F6B-438E-B9B6-D779F9FF652F}.Ad-Hoc|ARM64.ActiveCfg = Release|Any CPU
		{2BD47848-5F6B-438E-B9B6-D779F9FF652F}.Ad-Hoc|ARM64.Build.0 = Release|Any CPU
		{2BD47848-5F6B-438E-B9B6-D779F9FF652F}.Ad-Hoc|ARM64.Deploy.0 = Release|Any CPU
		{2BD47848-5F6B-438E-B9B6-D779F9FF652F}.Ad-Hoc|iPhone.ActiveCfg = Release|Any CPU
		{2BD47848-5F6B-438E-B9B6-D779F9FF652F}.Ad-Hoc|iPhone.Build.0 = Release|Any CPU
		{2BD47848-5F6B-438E-B9B6-D779F9FF652F}.Ad-Hoc|iPhone.Deploy.0 = Release|Any CPU
		{2BD47848-5F6B-438E-B9B6-D779F9FF652F}.Ad-Hoc|iPhoneSimulator.ActiveCfg = Release|Any CPU
		{2BD47848-5F6B-438E-B9B6-D779F9FF652F}.Ad-Hoc|iPhoneSimulator.Build.0 = Release|Any CPU
		{2BD47848-5F6B-438E-B9B6-D779F9FF652F}.Ad-Hoc|iPhoneSimulator.Deploy.0 = Release|Any CPU
		{2BD47848-5F6B-438E-B9B6-D779F9FF652F}.Ad-Hoc|x64.ActiveCfg = Release|Any CPU
		{2BD47848-5F6B-438E-B9B6-D779F9FF652F}.Ad-Hoc|x64.Build.0 = Release|Any CPU
		{2BD47848-5F6B-438E-B9B6-D779F9FF652F}.Ad-Hoc|x64.Deploy.0 = Release|Any CPU
		{2BD47848-5F6B-438E-B9B6-D779F9FF652F}.Ad-Hoc|x86.ActiveCfg = Release|Any CPU
		{2BD47848-5F6B-438E-B9B6-D779F9FF652F}.Ad-Hoc|x86.Build.0 = Release|Any CPU
		{2BD47848-5F6B-438E-B9B6-D779F9FF652F}.Ad-Hoc|x86.Deploy.0 = Release|Any CPU
		{2BD47848-5F6B-438E-B9B6-D779F9FF652F}.AppStore|Any CPU.ActiveCfg = Release|Any CPU
		{2BD47848-5F6B-438E-B9B6-D779F9FF652F}.AppStore|Any CPU.Build.0 = Release|Any CPU
		{2BD47848-5F6B-438E-B9B6-D779F9FF652F}.AppStore|Any CPU.Deploy.0 = Release|Any CPU
		{2BD47848-5F6B-438E-B9B6-D779F9FF652F}.AppStore|ARM.ActiveCfg = Release|Any CPU
		{2BD47848-5F6B-438E-B9B6-D779F9FF652F}.AppStore|ARM.Build.0 = Release|Any CPU
		{2BD47848-5F6B-438E-B9B6-D779F9FF652F}.AppStore|ARM.Deploy.0 = Release|Any CPU
		{2BD47848-5F6B-438E-B9B6-D779F9FF652F}.AppStore|ARM64.ActiveCfg = Release|Any CPU
		{2BD47848-5F6B-438E-B9B6-D779F9FF652F}.AppStore|ARM64.Build.0 = Release|Any CPU
		{2BD47848-5F6B-438E-B9B6-D779F9FF652F}.AppStore|ARM64.Deploy.0 = Release|Any CPU
		{2BD47848-5F6B-438E-B9B6-D779F9FF652F}.AppStore|iPhone.ActiveCfg = Release|Any CPU
		{2BD47848-5F6B-438E-B9B6-D779F9FF652F}.AppStore|iPhone.Build.0 = Release|Any CPU
		{2BD47848-5F6B-438E-B9B6-D779F9FF652F}.AppStore|iPhone.Deploy.0 = Release|Any CPU
		{2BD47848-5F6B-438E-B9B6-D779F9FF652F}.AppStore|iPhoneSimulator.ActiveCfg = Release|Any CPU
		{2BD47848-5F6B-438E-B9B6-D779F9FF652F}.AppStore|iPhoneSimulator.Build.0 = Release|Any CPU
		{2BD47848-5F6B-438E-B9B6-D779F9FF652F}.AppStore|iPhoneSimulator.Deploy.0 = Release|Any CPU
		{2BD47848-5F6B-438E-B9B6-D779F9FF652F}.AppStore|x64.ActiveCfg = Release|Any CPU
		{2BD47848-5F6B-438E-B9B6-D779F9FF652F}.AppStore|x64.Build.0 = Release|Any CPU
		{2BD47848-5F6B-438E-B9B6-D779F9FF652F}.AppStore|x64.Deploy.0 = Release|Any CPU
		{2BD47848-5F6B-438E-B9B6-D779F9FF652F}.AppStore|x86.ActiveCfg = Release|Any CPU
		{2BD47848-5F6B-438E-B9B6-D779F9FF652F}.AppStore|x86.Build.0 = Release|Any CPU
		{2BD47848-5F6B-438E-B9B6-D779F9FF652F}.AppStore|x86.Deploy.0 = Release|Any CPU
		{2BD47848-5F6B-438E-B9B6-D779F9FF652F}.Debug|Any CPU.ActiveCfg = Debug|Any CPU
		{2BD47848-5F6B-438E-B9B6-D779F9FF652F}.Debug|Any CPU.Build.0 = Debug|Any CPU
		{2BD47848-5F6B-438E-B9B6-D779F9FF652F}.Debug|Any CPU.Deploy.0 = Debug|Any CPU
		{2BD47848-5F6B-438E-B9B6-D779F9FF652F}.Debug|ARM.ActiveCfg = Debug|Any CPU
		{2BD47848-5F6B-438E-B9B6-D779F9FF652F}.Debug|ARM.Build.0 = Debug|Any CPU
		{2BD47848-5F6B-438E-B9B6-D779F9FF652F}.Debug|ARM.Deploy.0 = Debug|Any CPU
		{2BD47848-5F6B-438E-B9B6-D779F9FF652F}.Debug|ARM64.ActiveCfg = Debug|Any CPU
		{2BD47848-5F6B-438E-B9B6-D779F9FF652F}.Debug|ARM64.Build.0 = Debug|Any CPU
		{2BD47848-5F6B-438E-B9B6-D779F9FF652F}.Debug|ARM64.Deploy.0 = Debug|Any CPU
		{2BD47848-5F6B-438E-B9B6-D779F9FF652F}.Debug|iPhone.ActiveCfg = Debug|Any CPU
		{2BD47848-5F6B-438E-B9B6-D779F9FF652F}.Debug|iPhone.Build.0 = Debug|Any CPU
		{2BD47848-5F6B-438E-B9B6-D779F9FF652F}.Debug|iPhone.Deploy.0 = Debug|Any CPU
		{2BD47848-5F6B-438E-B9B6-D779F9FF652F}.Debug|iPhoneSimulator.ActiveCfg = Debug|Any CPU
		{2BD47848-5F6B-438E-B9B6-D779F9FF652F}.Debug|iPhoneSimulator.Build.0 = Debug|Any CPU
		{2BD47848-5F6B-438E-B9B6-D779F9FF652F}.Debug|iPhoneSimulator.Deploy.0 = Debug|Any CPU
		{2BD47848-5F6B-438E-B9B6-D779F9FF652F}.Debug|x64.ActiveCfg = Debug|Any CPU
		{2BD47848-5F6B-438E-B9B6-D779F9FF652F}.Debug|x64.Build.0 = Debug|Any CPU
		{2BD47848-5F6B-438E-B9B6-D779F9FF652F}.Debug|x64.Deploy.0 = Debug|Any CPU
		{2BD47848-5F6B-438E-B9B6-D779F9FF652F}.Debug|x86.ActiveCfg = Debug|Any CPU
		{2BD47848-5F6B-438E-B9B6-D779F9FF652F}.Debug|x86.Build.0 = Debug|Any CPU
		{2BD47848-5F6B-438E-B9B6-D779F9FF652F}.Debug|x86.Deploy.0 = Debug|Any CPU
		{2BD47848-5F6B-438E-B9B6-D779F9FF652F}.Release|Any CPU.ActiveCfg = Release|Any CPU
		{2BD47848-5F6B-438E-B9B6-D779F9FF652F}.Release|Any CPU.Build.0 = Release|Any CPU
		{2BD47848-5F6B-438E-B9B6-D779F9FF652F}.Release|Any CPU.Deploy.0 = Release|Any CPU
		{2BD47848-5F6B-438E-B9B6-D779F9FF652F}.Release|ARM.ActiveCfg = Release|Any CPU
		{2BD47848-5F6B-438E-B9B6-D779F9FF652F}.Release|ARM.Build.0 = Release|Any CPU
		{2BD47848-5F6B-438E-B9B6-D779F9FF652F}.Release|ARM.Deploy.0 = Release|Any CPU
		{2BD47848-5F6B-438E-B9B6-D779F9FF652F}.Release|ARM64.ActiveCfg = Release|Any CPU
		{2BD47848-5F6B-438E-B9B6-D779F9FF652F}.Release|ARM64.Build.0 = Release|Any CPU
		{2BD47848-5F6B-438E-B9B6-D779F9FF652F}.Release|ARM64.Deploy.0 = Release|Any CPU
		{2BD47848-5F6B-438E-B9B6-D779F9FF652F}.Release|iPhone.ActiveCfg = Release|Any CPU
		{2BD47848-5F6B-438E-B9B6-D779F9FF652F}.Release|iPhone.Build.0 = Release|Any CPU
		{2BD47848-5F6B-438E-B9B6-D779F9FF652F}.Release|iPhone.Deploy.0 = Release|Any CPU
		{2BD47848-5F6B-438E-B9B6-D779F9FF652F}.Release|iPhoneSimulator.ActiveCfg = Release|Any CPU
		{2BD47848-5F6B-438E-B9B6-D779F9FF652F}.Release|iPhoneSimulator.Build.0 = Release|Any CPU
		{2BD47848-5F6B-438E-B9B6-D779F9FF652F}.Release|iPhoneSimulator.Deploy.0 = Release|Any CPU
		{2BD47848-5F6B-438E-B9B6-D779F9FF652F}.Release|x64.ActiveCfg = Release|Any CPU
		{2BD47848-5F6B-438E-B9B6-D779F9FF652F}.Release|x64.Build.0 = Release|Any CPU
		{2BD47848-5F6B-438E-B9B6-D779F9FF652F}.Release|x64.Deploy.0 = Release|Any CPU
		{2BD47848-5F6B-438E-B9B6-D779F9FF652F}.Release|x86.ActiveCfg = Release|Any CPU
		{2BD47848-5F6B-438E-B9B6-D779F9FF652F}.Release|x86.Build.0 = Release|Any CPU
		{2BD47848-5F6B-438E-B9B6-D779F9FF652F}.Release|x86.Deploy.0 = Release|Any CPU
		{7FE15785-5086-454C-8284-B4F9E3DAA5AC}.Ad-Hoc|Any CPU.ActiveCfg = Ad-Hoc|iPhone
		{7FE15785-5086-454C-8284-B4F9E3DAA5AC}.Ad-Hoc|ARM.ActiveCfg = Ad-Hoc|iPhone
		{7FE15785-5086-454C-8284-B4F9E3DAA5AC}.Ad-Hoc|ARM64.ActiveCfg = Ad-Hoc|iPhone
		{7FE15785-5086-454C-8284-B4F9E3DAA5AC}.Ad-Hoc|iPhone.ActiveCfg = Ad-Hoc|iPhone
		{7FE15785-5086-454C-8284-B4F9E3DAA5AC}.Ad-Hoc|iPhone.Build.0 = Ad-Hoc|iPhone
		{7FE15785-5086-454C-8284-B4F9E3DAA5AC}.Ad-Hoc|iPhoneSimulator.ActiveCfg = Ad-Hoc|iPhoneSimulator
		{7FE15785-5086-454C-8284-B4F9E3DAA5AC}.Ad-Hoc|iPhoneSimulator.Build.0 = Ad-Hoc|iPhoneSimulator
		{7FE15785-5086-454C-8284-B4F9E3DAA5AC}.Ad-Hoc|x64.ActiveCfg = Ad-Hoc|iPhone
		{7FE15785-5086-454C-8284-B4F9E3DAA5AC}.Ad-Hoc|x86.ActiveCfg = Ad-Hoc|iPhone
		{7FE15785-5086-454C-8284-B4F9E3DAA5AC}.AppStore|Any CPU.ActiveCfg = AppStore|iPhone
		{7FE15785-5086-454C-8284-B4F9E3DAA5AC}.AppStore|ARM.ActiveCfg = AppStore|iPhone
		{7FE15785-5086-454C-8284-B4F9E3DAA5AC}.AppStore|ARM64.ActiveCfg = AppStore|iPhone
		{7FE15785-5086-454C-8284-B4F9E3DAA5AC}.AppStore|iPhone.ActiveCfg = AppStore|iPhone
		{7FE15785-5086-454C-8284-B4F9E3DAA5AC}.AppStore|iPhone.Build.0 = AppStore|iPhone
		{7FE15785-5086-454C-8284-B4F9E3DAA5AC}.AppStore|iPhoneSimulator.ActiveCfg = AppStore|iPhoneSimulator
		{7FE15785-5086-454C-8284-B4F9E3DAA5AC}.AppStore|iPhoneSimulator.Build.0 = AppStore|iPhoneSimulator
		{7FE15785-5086-454C-8284-B4F9E3DAA5AC}.AppStore|x64.ActiveCfg = AppStore|iPhone
		{7FE15785-5086-454C-8284-B4F9E3DAA5AC}.AppStore|x86.ActiveCfg = AppStore|iPhone
		{7FE15785-5086-454C-8284-B4F9E3DAA5AC}.Debug|Any CPU.ActiveCfg = Debug|iPhone
		{7FE15785-5086-454C-8284-B4F9E3DAA5AC}.Debug|ARM.ActiveCfg = Debug|iPhone
		{7FE15785-5086-454C-8284-B4F9E3DAA5AC}.Debug|ARM64.ActiveCfg = Debug|iPhone
		{7FE15785-5086-454C-8284-B4F9E3DAA5AC}.Debug|iPhone.ActiveCfg = Debug|iPhone
		{7FE15785-5086-454C-8284-B4F9E3DAA5AC}.Debug|iPhone.Build.0 = Debug|iPhone
		{7FE15785-5086-454C-8284-B4F9E3DAA5AC}.Debug|iPhoneSimulator.ActiveCfg = Debug|iPhoneSimulator
		{7FE15785-5086-454C-8284-B4F9E3DAA5AC}.Debug|iPhoneSimulator.Build.0 = Debug|iPhoneSimulator
		{7FE15785-5086-454C-8284-B4F9E3DAA5AC}.Debug|x64.ActiveCfg = Debug|iPhone
		{7FE15785-5086-454C-8284-B4F9E3DAA5AC}.Debug|x86.ActiveCfg = Debug|iPhone
		{7FE15785-5086-454C-8284-B4F9E3DAA5AC}.Release|Any CPU.ActiveCfg = Release|iPhone
		{7FE15785-5086-454C-8284-B4F9E3DAA5AC}.Release|ARM.ActiveCfg = Release|iPhone
		{7FE15785-5086-454C-8284-B4F9E3DAA5AC}.Release|ARM64.ActiveCfg = Release|iPhone
		{7FE15785-5086-454C-8284-B4F9E3DAA5AC}.Release|iPhone.ActiveCfg = Release|iPhone
		{7FE15785-5086-454C-8284-B4F9E3DAA5AC}.Release|iPhone.Build.0 = Release|iPhone
		{7FE15785-5086-454C-8284-B4F9E3DAA5AC}.Release|iPhoneSimulator.ActiveCfg = Release|iPhoneSimulator
		{7FE15785-5086-454C-8284-B4F9E3DAA5AC}.Release|iPhoneSimulator.Build.0 = Release|iPhoneSimulator
		{7FE15785-5086-454C-8284-B4F9E3DAA5AC}.Release|x64.ActiveCfg = Release|iPhone
		{7FE15785-5086-454C-8284-B4F9E3DAA5AC}.Release|x86.ActiveCfg = Release|iPhone
		{F09F1603-5FA8-4903-986E-B5F03ECF8544}.Ad-Hoc|Any CPU.ActiveCfg = Release|x64
		{F09F1603-5FA8-4903-986E-B5F03ECF8544}.Ad-Hoc|Any CPU.Build.0 = Release|x64
		{F09F1603-5FA8-4903-986E-B5F03ECF8544}.Ad-Hoc|Any CPU.Deploy.0 = Release|x64
		{F09F1603-5FA8-4903-986E-B5F03ECF8544}.Ad-Hoc|ARM.ActiveCfg = Release|ARM
		{F09F1603-5FA8-4903-986E-B5F03ECF8544}.Ad-Hoc|ARM.Build.0 = Release|ARM
		{F09F1603-5FA8-4903-986E-B5F03ECF8544}.Ad-Hoc|ARM.Deploy.0 = Release|ARM
		{F09F1603-5FA8-4903-986E-B5F03ECF8544}.Ad-Hoc|ARM64.ActiveCfg = Release|ARM64
		{F09F1603-5FA8-4903-986E-B5F03ECF8544}.Ad-Hoc|ARM64.Build.0 = Release|ARM64
		{F09F1603-5FA8-4903-986E-B5F03ECF8544}.Ad-Hoc|ARM64.Deploy.0 = Release|ARM64
		{F09F1603-5FA8-4903-986E-B5F03ECF8544}.Ad-Hoc|iPhone.ActiveCfg = Release|x64
		{F09F1603-5FA8-4903-986E-B5F03ECF8544}.Ad-Hoc|iPhone.Build.0 = Release|x64
		{F09F1603-5FA8-4903-986E-B5F03ECF8544}.Ad-Hoc|iPhone.Deploy.0 = Release|x64
		{F09F1603-5FA8-4903-986E-B5F03ECF8544}.Ad-Hoc|iPhoneSimulator.ActiveCfg = Release|x64
		{F09F1603-5FA8-4903-986E-B5F03ECF8544}.Ad-Hoc|iPhoneSimulator.Build.0 = Release|x64
		{F09F1603-5FA8-4903-986E-B5F03ECF8544}.Ad-Hoc|iPhoneSimulator.Deploy.0 = Release|x64
		{F09F1603-5FA8-4903-986E-B5F03ECF8544}.Ad-Hoc|x64.ActiveCfg = Release|x64
		{F09F1603-5FA8-4903-986E-B5F03ECF8544}.Ad-Hoc|x64.Build.0 = Release|x64
		{F09F1603-5FA8-4903-986E-B5F03ECF8544}.Ad-Hoc|x64.Deploy.0 = Release|x64
		{F09F1603-5FA8-4903-986E-B5F03ECF8544}.Ad-Hoc|x86.ActiveCfg = Release|x86
		{F09F1603-5FA8-4903-986E-B5F03ECF8544}.Ad-Hoc|x86.Build.0 = Release|x86
		{F09F1603-5FA8-4903-986E-B5F03ECF8544}.Ad-Hoc|x86.Deploy.0 = Release|x86
		{F09F1603-5FA8-4903-986E-B5F03ECF8544}.AppStore|Any CPU.ActiveCfg = Release|x64
		{F09F1603-5FA8-4903-986E-B5F03ECF8544}.AppStore|Any CPU.Build.0 = Release|x64
		{F09F1603-5FA8-4903-986E-B5F03ECF8544}.AppStore|Any CPU.Deploy.0 = Release|x64
		{F09F1603-5FA8-4903-986E-B5F03ECF8544}.AppStore|ARM.ActiveCfg = Release|ARM
		{F09F1603-5FA8-4903-986E-B5F03ECF8544}.AppStore|ARM.Build.0 = Release|ARM
		{F09F1603-5FA8-4903-986E-B5F03ECF8544}.AppStore|ARM.Deploy.0 = Release|ARM
		{F09F1603-5FA8-4903-986E-B5F03ECF8544}.AppStore|ARM64.ActiveCfg = Release|ARM64
		{F09F1603-5FA8-4903-986E-B5F03ECF8544}.AppStore|ARM64.Build.0 = Release|ARM64
		{F09F1603-5FA8-4903-986E-B5F03ECF8544}.AppStore|ARM64.Deploy.0 = Release|ARM64
		{F09F1603-5FA8-4903-986E-B5F03ECF8544}.AppStore|iPhone.ActiveCfg = Release|x64
		{F09F1603-5FA8-4903-986E-B5F03ECF8544}.AppStore|iPhone.Build.0 = Release|x64
		{F09F1603-5FA8-4903-986E-B5F03ECF8544}.AppStore|iPhone.Deploy.0 = Release|x64
		{F09F1603-5FA8-4903-986E-B5F03ECF8544}.AppStore|iPhoneSimulator.ActiveCfg = Release|x64
		{F09F1603-5FA8-4903-986E-B5F03ECF8544}.AppStore|iPhoneSimulator.Build.0 = Release|x64
		{F09F1603-5FA8-4903-986E-B5F03ECF8544}.AppStore|iPhoneSimulator.Deploy.0 = Release|x64
		{F09F1603-5FA8-4903-986E-B5F03ECF8544}.AppStore|x64.ActiveCfg = Release|x64
		{F09F1603-5FA8-4903-986E-B5F03ECF8544}.AppStore|x64.Build.0 = Release|x64
		{F09F1603-5FA8-4903-986E-B5F03ECF8544}.AppStore|x64.Deploy.0 = Release|x64
		{F09F1603-5FA8-4903-986E-B5F03ECF8544}.AppStore|x86.ActiveCfg = Release|x86
		{F09F1603-5FA8-4903-986E-B5F03ECF8544}.AppStore|x86.Build.0 = Release|x86
		{F09F1603-5FA8-4903-986E-B5F03ECF8544}.AppStore|x86.Deploy.0 = Release|x86
		{F09F1603-5FA8-4903-986E-B5F03ECF8544}.Debug|Any CPU.ActiveCfg = Debug|x86
		{F09F1603-5FA8-4903-986E-B5F03ECF8544}.Debug|ARM.ActiveCfg = Debug|ARM
		{F09F1603-5FA8-4903-986E-B5F03ECF8544}.Debug|ARM.Build.0 = Debug|ARM
		{F09F1603-5FA8-4903-986E-B5F03ECF8544}.Debug|ARM.Deploy.0 = Debug|ARM
		{F09F1603-5FA8-4903-986E-B5F03ECF8544}.Debug|ARM64.ActiveCfg = Debug|ARM64
		{F09F1603-5FA8-4903-986E-B5F03ECF8544}.Debug|ARM64.Build.0 = Debug|ARM64
		{F09F1603-5FA8-4903-986E-B5F03ECF8544}.Debug|ARM64.Deploy.0 = Debug|ARM64
		{F09F1603-5FA8-4903-986E-B5F03ECF8544}.Debug|iPhone.ActiveCfg = Debug|x86
		{F09F1603-5FA8-4903-986E-B5F03ECF8544}.Debug|iPhoneSimulator.ActiveCfg = Debug|x86
		{F09F1603-5FA8-4903-986E-B5F03ECF8544}.Debug|x64.ActiveCfg = Debug|x64
		{F09F1603-5FA8-4903-986E-B5F03ECF8544}.Debug|x64.Build.0 = Debug|x64
		{F09F1603-5FA8-4903-986E-B5F03ECF8544}.Debug|x64.Deploy.0 = Debug|x64
		{F09F1603-5FA8-4903-986E-B5F03ECF8544}.Debug|x86.ActiveCfg = Debug|x86
		{F09F1603-5FA8-4903-986E-B5F03ECF8544}.Debug|x86.Build.0 = Debug|x86
		{F09F1603-5FA8-4903-986E-B5F03ECF8544}.Debug|x86.Deploy.0 = Debug|x86
		{F09F1603-5FA8-4903-986E-B5F03ECF8544}.Release|Any CPU.ActiveCfg = Release|x86
		{F09F1603-5FA8-4903-986E-B5F03ECF8544}.Release|ARM.ActiveCfg = Release|ARM
		{F09F1603-5FA8-4903-986E-B5F03ECF8544}.Release|ARM.Build.0 = Release|ARM
		{F09F1603-5FA8-4903-986E-B5F03ECF8544}.Release|ARM.Deploy.0 = Release|ARM
		{F09F1603-5FA8-4903-986E-B5F03ECF8544}.Release|ARM64.ActiveCfg = Release|ARM64
		{F09F1603-5FA8-4903-986E-B5F03ECF8544}.Release|ARM64.Build.0 = Release|ARM64
		{F09F1603-5FA8-4903-986E-B5F03ECF8544}.Release|ARM64.Deploy.0 = Release|ARM64
		{F09F1603-5FA8-4903-986E-B5F03ECF8544}.Release|iPhone.ActiveCfg = Release|x86
		{F09F1603-5FA8-4903-986E-B5F03ECF8544}.Release|iPhoneSimulator.ActiveCfg = Release|x86
		{F09F1603-5FA8-4903-986E-B5F03ECF8544}.Release|x64.ActiveCfg = Release|x64
		{F09F1603-5FA8-4903-986E-B5F03ECF8544}.Release|x64.Build.0 = Release|x64
		{F09F1603-5FA8-4903-986E-B5F03ECF8544}.Release|x64.Deploy.0 = Release|x64
		{F09F1603-5FA8-4903-986E-B5F03ECF8544}.Release|x86.ActiveCfg = Release|x86
		{F09F1603-5FA8-4903-986E-B5F03ECF8544}.Release|x86.Build.0 = Release|x86
		{F09F1603-5FA8-4903-986E-B5F03ECF8544}.Release|x86.Deploy.0 = Release|x86
		{A091CAEA-A2EC-4AC1-866F-43A5D819C471}.Ad-Hoc|Any CPU.ActiveCfg = Debug|Any CPU
		{A091CAEA-A2EC-4AC1-866F-43A5D819C471}.Ad-Hoc|Any CPU.Build.0 = Debug|Any CPU
		{A091CAEA-A2EC-4AC1-866F-43A5D819C471}.Ad-Hoc|ARM.ActiveCfg = Debug|Any CPU
		{A091CAEA-A2EC-4AC1-866F-43A5D819C471}.Ad-Hoc|ARM.Build.0 = Debug|Any CPU
		{A091CAEA-A2EC-4AC1-866F-43A5D819C471}.Ad-Hoc|ARM64.ActiveCfg = Debug|Any CPU
		{A091CAEA-A2EC-4AC1-866F-43A5D819C471}.Ad-Hoc|ARM64.Build.0 = Debug|Any CPU
		{A091CAEA-A2EC-4AC1-866F-43A5D819C471}.Ad-Hoc|iPhone.ActiveCfg = Debug|Any CPU
		{A091CAEA-A2EC-4AC1-866F-43A5D819C471}.Ad-Hoc|iPhone.Build.0 = Debug|Any CPU
		{A091CAEA-A2EC-4AC1-866F-43A5D819C471}.Ad-Hoc|iPhoneSimulator.ActiveCfg = Debug|Any CPU
		{A091CAEA-A2EC-4AC1-866F-43A5D819C471}.Ad-Hoc|iPhoneSimulator.Build.0 = Debug|Any CPU
		{A091CAEA-A2EC-4AC1-866F-43A5D819C471}.Ad-Hoc|x64.ActiveCfg = Debug|Any CPU
		{A091CAEA-A2EC-4AC1-866F-43A5D819C471}.Ad-Hoc|x64.Build.0 = Debug|Any CPU
		{A091CAEA-A2EC-4AC1-866F-43A5D819C471}.Ad-Hoc|x86.ActiveCfg = Debug|Any CPU
		{A091CAEA-A2EC-4AC1-866F-43A5D819C471}.Ad-Hoc|x86.Build.0 = Debug|Any CPU
		{A091CAEA-A2EC-4AC1-866F-43A5D819C471}.AppStore|Any CPU.ActiveCfg = Debug|Any CPU
		{A091CAEA-A2EC-4AC1-866F-43A5D819C471}.AppStore|Any CPU.Build.0 = Debug|Any CPU
		{A091CAEA-A2EC-4AC1-866F-43A5D819C471}.AppStore|ARM.ActiveCfg = Debug|Any CPU
		{A091CAEA-A2EC-4AC1-866F-43A5D819C471}.AppStore|ARM.Build.0 = Debug|Any CPU
		{A091CAEA-A2EC-4AC1-866F-43A5D819C471}.AppStore|ARM64.ActiveCfg = Debug|Any CPU
		{A091CAEA-A2EC-4AC1-866F-43A5D819C471}.AppStore|ARM64.Build.0 = Debug|Any CPU
		{A091CAEA-A2EC-4AC1-866F-43A5D819C471}.AppStore|iPhone.ActiveCfg = Debug|Any CPU
		{A091CAEA-A2EC-4AC1-866F-43A5D819C471}.AppStore|iPhone.Build.0 = Debug|Any CPU
		{A091CAEA-A2EC-4AC1-866F-43A5D819C471}.AppStore|iPhoneSimulator.ActiveCfg = Debug|Any CPU
		{A091CAEA-A2EC-4AC1-866F-43A5D819C471}.AppStore|iPhoneSimulator.Build.0 = Debug|Any CPU
		{A091CAEA-A2EC-4AC1-866F-43A5D819C471}.AppStore|x64.ActiveCfg = Debug|Any CPU
		{A091CAEA-A2EC-4AC1-866F-43A5D819C471}.AppStore|x64.Build.0 = Debug|Any CPU
		{A091CAEA-A2EC-4AC1-866F-43A5D819C471}.AppStore|x86.ActiveCfg = Debug|Any CPU
		{A091CAEA-A2EC-4AC1-866F-43A5D819C471}.AppStore|x86.Build.0 = Debug|Any CPU
		{A091CAEA-A2EC-4AC1-866F-43A5D819C471}.Debug|Any CPU.ActiveCfg = Debug|Any CPU
		{A091CAEA-A2EC-4AC1-866F-43A5D819C471}.Debug|Any CPU.Build.0 = Debug|Any CPU
		{A091CAEA-A2EC-4AC1-866F-43A5D819C471}.Debug|ARM.ActiveCfg = Debug|Any CPU
		{A091CAEA-A2EC-4AC1-866F-43A5D819C471}.Debug|ARM.Build.0 = Debug|Any CPU
		{A091CAEA-A2EC-4AC1-866F-43A5D819C471}.Debug|ARM64.ActiveCfg = Debug|Any CPU
		{A091CAEA-A2EC-4AC1-866F-43A5D819C471}.Debug|ARM64.Build.0 = Debug|Any CPU
		{A091CAEA-A2EC-4AC1-866F-43A5D819C471}.Debug|iPhone.ActiveCfg = Debug|Any CPU
		{A091CAEA-A2EC-4AC1-866F-43A5D819C471}.Debug|iPhone.Build.0 = Debug|Any CPU
		{A091CAEA-A2EC-4AC1-866F-43A5D819C471}.Debug|iPhoneSimulator.ActiveCfg = Debug|Any CPU
		{A091CAEA-A2EC-4AC1-866F-43A5D819C471}.Debug|iPhoneSimulator.Build.0 = Debug|Any CPU
		{A091CAEA-A2EC-4AC1-866F-43A5D819C471}.Debug|x64.ActiveCfg = Debug|Any CPU
		{A091CAEA-A2EC-4AC1-866F-43A5D819C471}.Debug|x64.Build.0 = Debug|Any CPU
		{A091CAEA-A2EC-4AC1-866F-43A5D819C471}.Debug|x86.ActiveCfg = Debug|Any CPU
		{A091CAEA-A2EC-4AC1-866F-43A5D819C471}.Debug|x86.Build.0 = Debug|Any CPU
		{A091CAEA-A2EC-4AC1-866F-43A5D819C471}.Release|Any CPU.ActiveCfg = Release|Any CPU
		{A091CAEA-A2EC-4AC1-866F-43A5D819C471}.Release|Any CPU.Build.0 = Release|Any CPU
		{A091CAEA-A2EC-4AC1-866F-43A5D819C471}.Release|ARM.ActiveCfg = Release|Any CPU
		{A091CAEA-A2EC-4AC1-866F-43A5D819C471}.Release|ARM.Build.0 = Release|Any CPU
		{A091CAEA-A2EC-4AC1-866F-43A5D819C471}.Release|ARM64.ActiveCfg = Release|Any CPU
		{A091CAEA-A2EC-4AC1-866F-43A5D819C471}.Release|ARM64.Build.0 = Release|Any CPU
		{A091CAEA-A2EC-4AC1-866F-43A5D819C471}.Release|iPhone.ActiveCfg = Release|Any CPU
		{A091CAEA-A2EC-4AC1-866F-43A5D819C471}.Release|iPhone.Build.0 = Release|Any CPU
		{A091CAEA-A2EC-4AC1-866F-43A5D819C471}.Release|iPhoneSimulator.ActiveCfg = Release|Any CPU
		{A091CAEA-A2EC-4AC1-866F-43A5D819C471}.Release|iPhoneSimulator.Build.0 = Release|Any CPU
		{A091CAEA-A2EC-4AC1-866F-43A5D819C471}.Release|x64.ActiveCfg = Release|Any CPU
		{A091CAEA-A2EC-4AC1-866F-43A5D819C471}.Release|x64.Build.0 = Release|Any CPU
		{A091CAEA-A2EC-4AC1-866F-43A5D819C471}.Release|x86.ActiveCfg = Release|Any CPU
		{A091CAEA-A2EC-4AC1-866F-43A5D819C471}.Release|x86.Build.0 = Release|Any CPU
		{CC5D6800-C509-4EFB-B1A4-83D296FCCDA4}.Ad-Hoc|Any CPU.ActiveCfg = Release|iPhoneSimulator
		{CC5D6800-C509-4EFB-B1A4-83D296FCCDA4}.Ad-Hoc|Any CPU.Build.0 = Release|iPhoneSimulator
		{CC5D6800-C509-4EFB-B1A4-83D296FCCDA4}.Ad-Hoc|ARM.ActiveCfg = Release|iPhoneSimulator
		{CC5D6800-C509-4EFB-B1A4-83D296FCCDA4}.Ad-Hoc|ARM.Build.0 = Release|iPhoneSimulator
		{CC5D6800-C509-4EFB-B1A4-83D296FCCDA4}.Ad-Hoc|ARM64.ActiveCfg = Release|iPhoneSimulator
		{CC5D6800-C509-4EFB-B1A4-83D296FCCDA4}.Ad-Hoc|ARM64.Build.0 = Release|iPhoneSimulator
		{CC5D6800-C509-4EFB-B1A4-83D296FCCDA4}.Ad-Hoc|iPhone.ActiveCfg = Release|iPhoneSimulator
		{CC5D6800-C509-4EFB-B1A4-83D296FCCDA4}.Ad-Hoc|iPhone.Build.0 = Release|iPhoneSimulator
		{CC5D6800-C509-4EFB-B1A4-83D296FCCDA4}.Ad-Hoc|iPhoneSimulator.ActiveCfg = Release|iPhoneSimulator
		{CC5D6800-C509-4EFB-B1A4-83D296FCCDA4}.Ad-Hoc|iPhoneSimulator.Build.0 = Release|iPhoneSimulator
		{CC5D6800-C509-4EFB-B1A4-83D296FCCDA4}.Ad-Hoc|x64.ActiveCfg = Release|iPhoneSimulator
		{CC5D6800-C509-4EFB-B1A4-83D296FCCDA4}.Ad-Hoc|x64.Build.0 = Release|iPhoneSimulator
		{CC5D6800-C509-4EFB-B1A4-83D296FCCDA4}.Ad-Hoc|x86.ActiveCfg = Release|iPhoneSimulator
		{CC5D6800-C509-4EFB-B1A4-83D296FCCDA4}.Ad-Hoc|x86.Build.0 = Release|iPhoneSimulator
		{CC5D6800-C509-4EFB-B1A4-83D296FCCDA4}.AppStore|Any CPU.ActiveCfg = Release|iPhoneSimulator
		{CC5D6800-C509-4EFB-B1A4-83D296FCCDA4}.AppStore|Any CPU.Build.0 = Release|iPhoneSimulator
		{CC5D6800-C509-4EFB-B1A4-83D296FCCDA4}.AppStore|ARM.ActiveCfg = Release|iPhoneSimulator
		{CC5D6800-C509-4EFB-B1A4-83D296FCCDA4}.AppStore|ARM.Build.0 = Release|iPhoneSimulator
		{CC5D6800-C509-4EFB-B1A4-83D296FCCDA4}.AppStore|ARM64.ActiveCfg = Release|iPhoneSimulator
		{CC5D6800-C509-4EFB-B1A4-83D296FCCDA4}.AppStore|ARM64.Build.0 = Release|iPhoneSimulator
		{CC5D6800-C509-4EFB-B1A4-83D296FCCDA4}.AppStore|iPhone.ActiveCfg = Release|iPhoneSimulator
		{CC5D6800-C509-4EFB-B1A4-83D296FCCDA4}.AppStore|iPhone.Build.0 = Release|iPhoneSimulator
		{CC5D6800-C509-4EFB-B1A4-83D296FCCDA4}.AppStore|iPhoneSimulator.ActiveCfg = Release|iPhoneSimulator
		{CC5D6800-C509-4EFB-B1A4-83D296FCCDA4}.AppStore|iPhoneSimulator.Build.0 = Release|iPhoneSimulator
		{CC5D6800-C509-4EFB-B1A4-83D296FCCDA4}.AppStore|x64.ActiveCfg = Release|iPhoneSimulator
		{CC5D6800-C509-4EFB-B1A4-83D296FCCDA4}.AppStore|x64.Build.0 = Release|iPhoneSimulator
		{CC5D6800-C509-4EFB-B1A4-83D296FCCDA4}.AppStore|x86.ActiveCfg = Release|iPhoneSimulator
		{CC5D6800-C509-4EFB-B1A4-83D296FCCDA4}.AppStore|x86.Build.0 = Release|iPhoneSimulator
		{CC5D6800-C509-4EFB-B1A4-83D296FCCDA4}.Debug|Any CPU.ActiveCfg = Debug|iPhoneSimulator
		{CC5D6800-C509-4EFB-B1A4-83D296FCCDA4}.Debug|ARM.ActiveCfg = Debug|iPhoneSimulator
		{CC5D6800-C509-4EFB-B1A4-83D296FCCDA4}.Debug|ARM64.ActiveCfg = Debug|iPhoneSimulator
		{CC5D6800-C509-4EFB-B1A4-83D296FCCDA4}.Debug|iPhone.ActiveCfg = Debug|iPhoneSimulator
		{CC5D6800-C509-4EFB-B1A4-83D296FCCDA4}.Debug|iPhoneSimulator.ActiveCfg = Debug|iPhoneSimulator
		{CC5D6800-C509-4EFB-B1A4-83D296FCCDA4}.Debug|iPhoneSimulator.Build.0 = Debug|iPhoneSimulator
		{CC5D6800-C509-4EFB-B1A4-83D296FCCDA4}.Debug|x64.ActiveCfg = Debug|iPhoneSimulator
		{CC5D6800-C509-4EFB-B1A4-83D296FCCDA4}.Debug|x86.ActiveCfg = Debug|iPhoneSimulator
		{CC5D6800-C509-4EFB-B1A4-83D296FCCDA4}.Release|Any CPU.ActiveCfg = Release|iPhoneSimulator
		{CC5D6800-C509-4EFB-B1A4-83D296FCCDA4}.Release|ARM.ActiveCfg = Release|iPhoneSimulator
		{CC5D6800-C509-4EFB-B1A4-83D296FCCDA4}.Release|ARM64.ActiveCfg = Release|iPhoneSimulator
		{CC5D6800-C509-4EFB-B1A4-83D296FCCDA4}.Release|iPhone.ActiveCfg = Release|iPhoneSimulator
		{CC5D6800-C509-4EFB-B1A4-83D296FCCDA4}.Release|iPhoneSimulator.ActiveCfg = Release|iPhoneSimulator
		{CC5D6800-C509-4EFB-B1A4-83D296FCCDA4}.Release|iPhoneSimulator.Build.0 = Release|iPhoneSimulator
		{CC5D6800-C509-4EFB-B1A4-83D296FCCDA4}.Release|x64.ActiveCfg = Release|iPhoneSimulator
		{CC5D6800-C509-4EFB-B1A4-83D296FCCDA4}.Release|x86.ActiveCfg = Release|iPhoneSimulator
	EndGlobalSection
	GlobalSection(SolutionProperties) = preSolution
		HideSolutionNode = FALSE
	EndGlobalSection
	GlobalSection(ExtensibilityGlobals) = postSolution
		SolutionGuid = {771F552D-B00D-4172-9A91-F3EF381F1711}
	EndGlobalSection
EndGlobal
